<?xml version="1.0" encoding="UTF-8" standalone="yes" ?>
<CodeBlocks_project_file>
	<FileVersion major="1" minor="6" />
	<Project>
		<Option title="compo" />
		<Option pch_mode="2" />
		<Option compiler="dmd" />
		<Build>
			<Target title="Debug">
				<Option platforms="Unix;" />
				<Option output="bin/Debug/compo" prefix_auto="1" extension_auto="1" />
				<Option object_output="obj/Debug/" />
				<Option type="0" />
				<Option compiler="dmd" />
				<Compiler>
					<Add option="-w" />
					<Add directory="/usr/local/include/d/gtkd-2" />
				</Compiler>
				<Linker>
					<Add library="/usr/local/lib/libgtkd-2.a" />
					<Add library="/home/steve/COMPO/libusps4cb.a" />
					<Add library="rsvg" />
					<Add directory="/usr/lib/i386-linux-gnu" />
					<Add directory="/usr/local/lib" />
				</Linker>
			</Target>
			<Target title="Release">
				<Option output="bin/Release/compo" prefix_auto="1" extension_auto="1" />
				<Option object_output="obj/Release" />
				<Option type="0" />
				<Option compiler="dmd" />
				<Compiler>
					<Add option="-inline" />
					<Add directory="/usr/local/include/d/gtkd-2" />
				</Compiler>
				<Linker>
					<Add library="/usr/local/lib/libgtkd-2.a" />
					<Add library="/home/steve/COMPO/libusps4cb.a" />
					<Add library="rsvg" />
				</Linker>
			</Target>
		</Build>
		<Compiler>
			<Add option="-w" />
			<Add option="-g" />
			<Add directory="/home/steve/COMPO/" />
			<Add directory="/usr/local/include/d/gtkd-2" />
		</Compiler>
		<Linker>
			<Add library="/usr/local/lib/libgtkd-2.a" />
			<Add library="/home/steve/COMPO/libusps4cb.a" />
			<Add library="rsvg" />
		</Linker>
		<Unit filename="about.d">
			<Option target="Debug" />
		</Unit>
		<Unit filename="acomp.d">
			<Option target="Debug" />
		</Unit>
		<Unit filename="arrow.d">
			<Option target="Debug" />
		</Unit>
		<Unit filename="avery.d">
			<Option target="Debug" />
		</Unit>
		<Unit filename="bevel.d">
			<Option target="Debug" />
		</Unit>
		<Unit filename="brushdabs.d">
			<Option target="Debug" />
		</Unit>
		<Unit filename="circle.d">
			<Option target="Debug" />
		</Unit>
		<Unit filename="common.d">
			<Option target="Debug" />
		</Unit>
		<Unit filename="compo.d">
			<Option target="Debug" />
		</Unit>
		<Unit filename="config.d">
			<Option target="Debug" />
		</Unit>
		<Unit filename="constants.d">
			<Option target="Debug" />
		</Unit>
		<Unit filename="container.d">
			<Option target="Debug" />
		</Unit>
		<Unit filename="controlsdlg.d">
			<Option target="Debug" />
		</Unit>
		<Unit filename="controlset.d">
			<Option target="Debug" />
		</Unit>
		<Unit filename="corners.d" />
		<Unit filename="crescent.d">
			<Option target="Debug" />
		</Unit>
		<Unit filename="cross.d">
			<Option target="Debug" />
		</Unit>
		<Unit filename="csv.d">
			<Option target="Debug" />
		</Unit>
		<Unit filename="curve.d">
			<Option target="Debug" />
		</Unit>
		<Unit filename="deserialize.d">
			<Option target="Debug" />
		</Unit>
		<Unit filename="drawing.d">
			<Option target="Debug" />
		</Unit>
		<Unit filename="fader.d">
			<Option target="Debug" />
		</Unit>
		<Unit filename="fancytext.d">
			<Option target="Debug" />
		</Unit>
		<Unit filename="generic.d">
			<Option target="Debug" />
		</Unit>
		<Unit filename="graphics.d">
			<Option target="Debug" />
		</Unit>
		<Unit filename="heart.d">
			<Option target="Debug" />
		</Unit>
		<Unit filename="interfaces.d">
			<Option target="Debug" />
		</Unit>
		<Unit filename="lgradient.d">
			<Option target="Debug" />
		</Unit>
		<Unit filename="line.d">
			<Option target="Debug" />
		</Unit>
		<Unit filename="lineset.d">
			<Option target="Debug" />
		</Unit>
		<Unit filename="mainwin.d">
			<Option target="Debug" />
		</Unit>
		<Unit filename="menus.d">
			<Option target="Debug" />
		</Unit>
		<Unit filename="merger.d">
			<Option target="Debug" />
		</Unit>
		<Unit filename="mesh.d">
			<Option target="Debug" />
		</Unit>
		<Unit filename="moon.d">
			<Option target="Debug" />
		</Unit>
		<Unit filename="morphdlgs.d">
			<Option target="Debug" />
		</Unit>
		<Unit filename="morphs.d">
			<Option target="Debug" />
		</Unit>
		<Unit filename="morphtext.d">
			<Option target="Debug" />
		</Unit>
		<Unit filename="noise.d">
			<Option target="Debug" />
		</Unit>
		<Unit filename="partition.d">
			<Option target="Debug" />
		</Unit>
		<Unit filename="pattern.d">
			<Option target="Debug" />
		</Unit>
		<Unit filename="pglayout.d">
			<Option target="Debug" />
		</Unit>
		<Unit filename="pixelimage.d">
			<Option target="Debug" />
		</Unit>
		<Unit filename="pointset.d">
			<Option target="Debug" />
		</Unit>
		<Unit filename="polycurve.d">
			<Option target="Debug" />
		</Unit>
		<Unit filename="polygon.d">
			<Option target="Debug" />
		</Unit>
		<Unit filename="printing.d">
			<Option target="Debug" />
		</Unit>
		<Unit filename="random.d">
			<Option target="Debug" />
		</Unit>
		<Unit filename="rect.d">
			<Option target="Debug" />
		</Unit>
		<Unit filename="reference.d">
			<Option target="Debug" />
		</Unit>
		<Unit filename="regpc.d">
			<Option target="Debug" />
		</Unit>
		<Unit filename="regpoly.d">
			<Option target="Debug" />
		</Unit>
		<Unit filename="rgradient.d">
			<Option target="Debug" />
		</Unit>
		<Unit filename="richtext.d">
			<Option target="Debug" />
		</Unit>
		<Unit filename="rsvgwrap.d">
			<Option target="Debug" />
		</Unit>
		<Unit filename="separator.d">
			<Option target="Debug" />
		</Unit>
		<Unit filename="serial.d">
			<Option target="Debug" />
		</Unit>
		<Unit filename="serialize.d">
			<Option target="Debug" />
		</Unit>
		<Unit filename="settings.d">
			<Option target="Debug" />
		</Unit>
		<Unit filename="shapelib.d">
			<Option target="Debug" />
		</Unit>
		<Unit filename="sheets.d">
			<Option target="Debug" />
		</Unit>
		<Unit filename="strokeset.d">
			<Option target="Debug" />
		</Unit>
		<Unit filename="svgimage.d">
			<Option target="Debug" />
		</Unit>
		<Unit filename="tb2pm.d">
			<Option target="Debug" />
		</Unit>
		<Unit filename="text.d">
			<Option target="Debug" />
		</Unit>
		<Unit filename="textsrc.d">
			<Option target="Debug" />
		</Unit>
		<Unit filename="tilings.d">
			<Option target="Debug" />
		</Unit>
		<Unit filename="tree.d">
			<Option target="Debug" />
		</Unit>
		<Unit filename="treeops.d">
			<Option target="Debug" />
		</Unit>
		<Unit filename="triangle.d">
			<Option target="Debug" />
		</Unit>
		<Unit filename="tvitem.d">
			<Option target="Debug" />
		</Unit>
		<Unit filename="types.d">
			<Option target="Debug" />
		</Unit>
		<Unit filename="uspsib.d">
			<Option target="Debug" />
		</Unit>
		<Extensions>
			<code_completion />
			<debugger />
		</Extensions>
	</Project>
</CodeBlocks_project_file>
